
Microsoft Visual Studio Solution File, Format Version 12.00
# Visual Studio Version 17
VisualStudioVersion = 17.13.35931.197
MinimumVisualStudioVersion = 10.0.40219.1
Project("{FAE04EC0-301F-11D3-BF4B-00C04F79EFBC}") = "CareNestAPI", "CareNestAPI\CareNestAPI.csproj", "{28EE6E41-BBF3-43D6-B375-2613FE1459E5}"
EndProject
Project("{FAE04EC0-301F-11D3-BF4B-00C04F79EFBC}") = "DAL", "DAL\DAL.csproj", "{3C741427-5A95-4B66-8D4D-79B75120A6F8}"
EndProject
Project("{FAE04EC0-301F-11D3-BF4B-00C04F79EFBC}") = "BLL", "BLL\BLL.csproj", "{2D6DCBDC-DB47-4829-B591-2FF8E6348F1F}"
EndProject
Project("{FAE04EC0-301F-11D3-BF4B-00C04F79EFBC}") = "BOL", "BOL\BOL.csproj", "{B56135C1-3FD9-45AA-AB1F-063D3E61AFC0}"
EndProject
Global
	GlobalSection(SolutionConfigurationPlatforms) = preSolution
		Debug|Any CPU = Debug|Any CPU
		Release|Any CPU = Release|Any CPU
	EndGlobalSection
	GlobalSection(ProjectConfigurationPlatforms) = postSolution
		{28EE6E41-BBF3-43D6-B375-2613FE1459E5}.Debug|Any CPU.ActiveCfg = Debug|Any CPU
		{28EE6E41-BBF3-43D6-B375-2613FE1459E5}.Debug|Any CPU.Build.0 = Debug|Any CPU
		{28EE6E41-BBF3-43D6-B375-2613FE1459E5}.Release|Any CPU.ActiveCfg = Release|Any CPU
		{28EE6E41-BBF3-43D6-B375-2613FE1459E5}.Release|Any CPU.Build.0 = Release|Any CPU
		{3C741427-5A95-4B66-8D4D-79B75120A6F8}.Debug|Any CPU.ActiveCfg = Debug|Any CPU
		{3C741427-5A95-4B66-8D4D-79B75120A6F8}.Debug|Any CPU.Build.0 = Debug|Any CPU
		{3C741427-5A95-4B66-8D4D-79B75120A6F8}.Release|Any CPU.ActiveCfg = Release|Any CPU
		{3C741427-5A95-4B66-8D4D-79B75120A6F8}.Release|Any CPU.Build.0 = Release|Any CPU
		{2D6DCBDC-DB47-4829-B591-2FF8E6348F1F}.Debug|Any CPU.ActiveCfg = Debug|Any CPU
		{2D6DCBDC-DB47-4829-B591-2FF8E6348F1F}.Debug|Any CPU.Build.0 = Debug|Any CPU
		{2D6DCBDC-DB47-4829-B591-2FF8E6348F1F}.Release|Any CPU.ActiveCfg = Release|Any CPU
		{2D6DCBDC-DB47-4829-B591-2FF8E6348F1F}.Release|Any CPU.Build.0 = Release|Any CPU
		{B56135C1-3FD9-45AA-AB1F-063D3E61AFC0}.Debug|Any CPU.ActiveCfg = Debug|Any CPU
		{B56135C1-3FD9-45AA-AB1F-063D3E61AFC0}.Debug|Any CPU.Build.0 = Debug|Any CPU
		{B56135C1-3FD9-45AA-AB1F-063D3E61AFC0}.Release|Any CPU.ActiveCfg = Release|Any CPU
		{B56135C1-3FD9-45AA-AB1F-063D3E61AFC0}.Release|Any CPU.Build.0 = Release|Any CPU
	EndGlobalSection
	GlobalSection(SolutionProperties) = preSolution
		HideSolutionNode = FALSE
	EndGlobalSection
	GlobalSection(ExtensibilityGlobals) = postSolution
		SolutionGuid = {D32A40EC-8745-48D4-8B1B-54C29E105F25}
	EndGlobalSection
EndGlobal
